{
    "version": 3,
    "terraform_version": "0.11.13",
    "serial": 1,
    "lineage": "0964c4a1-b6f3-c7ec-edf2-4c6cebf5b5fe",
    "modules": [
        {
            "path": [
                "root"
            ],
            "outputs": {},
            "resources": {
                "google_compute_instance.docker-cluster": {
                    "type": "google_compute_instance",
                    "depends_on": [],
                    "primary": {
                        "id": "docker-cluster-1",
                        "attributes": {
                            "attached_disk.#": "0",
                            "boot_disk.#": "1",
                            "boot_disk.0.auto_delete": "true",
                            "boot_disk.0.device_name": "persistent-disk-0",
                            "boot_disk.0.disk_encryption_key_raw": "",
                            "boot_disk.0.disk_encryption_key_sha256": "",
                            "boot_disk.0.initialize_params.#": "1",
                            "boot_disk.0.initialize_params.0.image": "https://www.googleapis.com/compute/v1/projects/ubuntu-os-cloud/global/images/ubuntu-1604-xenial-v20190306",
                            "boot_disk.0.initialize_params.0.size": "10",
                            "boot_disk.0.initialize_params.0.type": "pd-standard",
                            "boot_disk.0.source": "https://www.googleapis.com/compute/v1/projects/infra-como-codigo-e-automacao/zones/us-central1-b/disks/docker-cluster-1",
                            "can_ip_forward": "false",
                            "cpu_platform": "Intel Haswell",
                            "deletion_protection": "false",
                            "guest_accelerator.#": "0",
                            "hostname": "",
                            "id": "docker-cluster-1",
                            "instance_id": "668177371615123327",
                            "label_fingerprint": "42WmSpB8rSM=",
                            "labels.%": "0",
                            "machine_type": "g1-small",
                            "metadata.%": "1",
                            "metadata.ssh-keys": "ubuntu:ssh-rsa AAAAB3NzaC1yc2EAAAADAQABAAABAQDHdy8fTUvaQ0sTsVZbrcirh3z0wcv9caobd4o7ief2RUSWRwBvfFkRvrvo7bYKswceSCzJJuuvklClEBfmlZg+YxPnK5gfX8Y+t43gSevpzdnuicN6bwoZScS8J0wOZ3e6wBZ3wpPMPfmI/iJFprmxRM3umhZ8U/9XpbhGZkK5WwMEqQi6yQiP0owq8UVoEOyfg5wquRPL4iQhoYLjQCW9fDXvX4IqkBn+5PCE+dxUng1vTIOgVmVd6HNrub9R15fJ7eBXHpzC9ydABSuo+Ie5aSgQ49FfVecQNDDCasZskp+srL5Yb/SuVBvOlUzih/1TgA0s5tbqTBYfLOx4DNeb alessander@inspiron\n",
                            "metadata_fingerprint": "YtOXjPRaTDc=",
                            "metadata_startup_script": "curl -fsSL https://get.docker.com | sh \u0026\u0026 usermod -aG docker ubuntu",
                            "min_cpu_platform": "",
                            "name": "docker-cluster-1",
                            "network_interface.#": "1",
                            "network_interface.0.access_config.#": "1",
                            "network_interface.0.access_config.0.assigned_nat_ip": "",
                            "network_interface.0.access_config.0.nat_ip": "35.239.9.234",
                            "network_interface.0.access_config.0.network_tier": "PREMIUM",
                            "network_interface.0.access_config.0.public_ptr_domain_name": "",
                            "network_interface.0.address": "",
                            "network_interface.0.alias_ip_range.#": "0",
                            "network_interface.0.name": "nic0",
                            "network_interface.0.network": "https://www.googleapis.com/compute/v1/projects/infra-como-codigo-e-automacao/global/networks/default",
                            "network_interface.0.network_ip": "10.128.0.19",
                            "network_interface.0.subnetwork": "https://www.googleapis.com/compute/v1/projects/infra-como-codigo-e-automacao/regions/us-central1/subnetworks/default",
                            "network_interface.0.subnetwork_project": "infra-como-codigo-e-automacao",
                            "project": "infra-como-codigo-e-automacao",
                            "scheduling.#": "1",
                            "scheduling.0.automatic_restart": "true",
                            "scheduling.0.on_host_maintenance": "MIGRATE",
                            "scheduling.0.preemptible": "false",
                            "scratch_disk.#": "0",
                            "self_link": "https://www.googleapis.com/compute/v1/projects/infra-como-codigo-e-automacao/zones/us-central1-b/instances/docker-cluster-1",
                            "service_account.#": "0",
                            "tags.#": "1",
                            "tags.1434490061": "docker-cluster-1",
                            "tags_fingerprint": "GeGcjjwvl2Y=",
                            "zone": "us-central1-b"
                        },
                        "meta": {
                            "e2bfb730-ecaa-11e6-8f88-34363bc7c4c0": {
                                "create": 360000000000,
                                "delete": 360000000000,
                                "update": 360000000000
                            },
                            "schema_version": "6"
                        },
                        "tainted": false
                    },
                    "deposed": [],
                    "provider": "provider.google"
                }
            },
            "depends_on": []
        }
    ]
}
